// !$*UTF8*$!
{
	archiveVersion = 1;
	classes = {
	};
	objectVersion = 56;
	objects = {

/* Begin PBXBuildFile section */
		8D951EF42B0BF88200461AE8 /* SourdoughApp.swift in Sources */ = {isa = PBXBuildFile; fileRef = 8D951EF32B0BF88200461AE8 /* SourdoughApp.swift */; };
		8D951EF62B0BF88200461AE8 /* ContentView.swift in Sources */ = {isa = PBXBuildFile; fileRef = 8D951EF52B0BF88200461AE8 /* ContentView.swift */; };
		8D951EF82B0BF88C00461AE8 /* Assets.xcassets in Resources */ = {isa = PBXBuildFile; fileRef = 8D951EF72B0BF88C00461AE8 /* Assets.xcassets */; };
		8D951EFB2B0BF88C00461AE8 /* Preview Assets.xcassets in Resources */ = {isa = PBXBuildFile; fileRef = 8D951EFA2B0BF88C00461AE8 /* Preview Assets.xcassets */; };
		8D951F052B0BF88C00461AE8 /* SourdoughTests.swift in Sources */ = {isa = PBXBuildFile; fileRef = 8D951F042B0BF88C00461AE8 /* SourdoughTests.swift */; };
		8D951F0F2B0BF88C00461AE8 /* SourdoughUITests.swift in Sources */ = {isa = PBXBuildFile; fileRef = 8D951F0E2B0BF88C00461AE8 /* SourdoughUITests.swift */; };
		8D951F112B0BF88C00461AE8 /* SourdoughUITestsLaunchTests.swift in Sources */ = {isa = PBXBuildFile; fileRef = 8D951F102B0BF88C00461AE8 /* SourdoughUITestsLaunchTests.swift */; };
/* End PBXBuildFile section */

/* Begin PBXContainerItemProxy section */
		8D951F012B0BF88C00461AE8 /* PBXContainerItemProxy */ = {
			isa = PBXContainerItemProxy;
			containerPortal = 8D951EE82B0BF88200461AE8 /* Project object */;
			proxyType = 1;
			remoteGlobalIDString = 8D951EEF2B0BF88200461AE8;
			remoteInfo = Sourdough;
		};
		8D951F0B2B0BF88C00461AE8 /* PBXContainerItemProxy */ = {
			isa = PBXContainerItemProxy;
			containerPortal = 8D951EE82B0BF88200461AE8 /* Project object */;
			proxyType = 1;
			remoteGlobalIDString = 8D951EEF2B0BF88200461AE8;
			remoteInfo = Sourdough;
		};
/* End PBXContainerItemProxy section */

/* Begin PBXFileReference section */
		8D951EF02B0BF88200461AE8 /* Sourdough.app */ = {isa = PBXFileReference; explicitFileType = wrapper.application; includeInIndex = 0; path = Sourdough.app; sourceTree = BUILT_PRODUCTS_DIR; };
		8D951EF32B0BF88200461AE8 /* SourdoughApp.swift */ = {isa = PBXFileReference; lastKnownFileType = sourcecode.swift; path = SourdoughApp.swift; sourceTree = "<group>"; };
		8D951EF52B0BF88200461AE8 /* ContentView.swift */ = {isa = PBXFileReference; lastKnownFileType = sourcecode.swift; path = ContentView.swift; sourceTree = "<group>"; };
		8D951EF72B0BF88C00461AE8 /* Assets.xcassets */ = {isa = PBXFileReference; lastKnownFileType = folder.assetcatalog; path = Assets.xcassets; sourceTree = "<group>"; };
		8D951EFA2B0BF88C00461AE8 /* Preview Assets.xcassets */ = {isa = PBXFileReference; lastKnownFileType = folder.assetcatalog; path = "Preview Assets.xcassets"; sourceTree = "<group>"; };
		8D951F002B0BF88C00461AE8 /* SourdoughTests.xctest */ = {isa = PBXFileReference; explicitFileType = wrapper.cfbundle; includeInIndex = 0; path = SourdoughTests.xctest; sourceTree = BUILT_PRODUCTS_DIR; };
		8D951F042B0BF88C00461AE8 /* SourdoughTests.swift */ = {isa = PBXFileReference; lastKnownFileType = sourcecode.swift; path = SourdoughTests.swift; sourceTree = "<group>"; };
		8D951F0A2B0BF88C00461AE8 /* SourdoughUITests.xctest */ = {isa = PBXFileReference; explicitFileType = wrapper.cfbundle; includeInIndex = 0; path = SourdoughUITests.xctest; sourceTree = BUILT_PRODUCTS_DIR; };
		8D951F0E2B0BF88C00461AE8 /* SourdoughUITests.swift */ = {isa = PBXFileReference; lastKnownFileType = sourcecode.swift; path = SourdoughUITests.swift; sourceTree = "<group>"; };
		8D951F102B0BF88C00461AE8 /* SourdoughUITestsLaunchTests.swift */ = {isa = PBXFileReference; lastKnownFileType = sourcecode.swift; path = SourdoughUITestsLaunchTests.swift; sourceTree = "<group>"; };
/* End PBXFileReference section */

/* Begin PBXFrameworksBuildPhase section */
		8D951EED2B0BF88200461AE8 /* Frameworks */ = {
			isa = PBXFrameworksBuildPhase;
			buildActionMask = 2147483647;
			files = (
			);
			runOnlyForDeploymentPostprocessing = 0;
		};
		8D951EFD2B0BF88C00461AE8 /* Frameworks */ = {
			isa = PBXFrameworksBuildPhase;
			buildActionMask = 2147483647;
			files = (
			);
			runOnlyForDeploymentPostprocessing = 0;
		};
		8D951F072B0BF88C00461AE8 /* Frameworks */ = {
			isa = PBXFrameworksBuildPhase;
			buildActionMask = 2147483647;
			files = (
			);
			runOnlyForDeploymentPostprocessing = 0;
		};
/* End PBXFrameworksBuildPhase section */

/* Begin PBXGroup section */
		8D951EE72B0BF88200461AE8 = {
			isa = PBXGroup;
			children = (
				8D951EF22B0BF88200461AE8 /* Sourdough */,
				8D951F032B0BF88C00461AE8 /* SourdoughTests */,
				8D951F0D2B0BF88C00461AE8 /* SourdoughUITests */,
				8D951EF12B0BF88200461AE8 /* Products */,
			);
			sourceTree = "<group>";
		};
		8D951EF12B0BF88200461AE8 /* Products */ = {
			isa = PBXGroup;
			children = (
				8D951EF02B0BF88200461AE8 /* Sourdough.app */,
				8D951F002B0BF88C00461AE8 /* SourdoughTests.xctest */,
				8D951F0A2B0BF88C00461AE8 /* SourdoughUITests.xctest */,
			);
			name = Products;
			sourceTree = "<group>";
		};
		8D951EF22B0BF88200461AE8 /* Sourdough */ = {
			isa = PBXGroup;
			children = (
				8D951EF32B0BF88200461AE8 /* SourdoughApp.swift */,
				8D951EF52B0BF88200461AE8 /* ContentView.swift */,
				8D951EF72B0BF88C00461AE8 /* Assets.xcassets */,
				8D951EF92B0BF88C00461AE8 /* Preview Content */,
			);
			path = Sourdough;
			sourceTree = "<group>";
		};
		8D951EF92B0BF88C00461AE8 /* Preview Content */ = {
			isa = PBXGroup;
			children = (
				8D951EFA2B0BF88C00461AE8 /* Preview Assets.xcassets */,
			);
			path = "Preview Content";
			sourceTree = "<group>";
		};
		8D951F032B0BF88C00461AE8 /* SourdoughTests */ = {
			isa = PBXGroup;
			children = (
				8D951F042B0BF88C00461AE8 /* SourdoughTests.swift */,
			);
			path = SourdoughTests;
			sourceTree = "<group>";
		};
		8D951F0D2B0BF88C00461AE8 /* SourdoughUITests */ = {
			isa = PBXGroup;
			children = (
				8D951F0E2B0BF88C00461AE8 /* SourdoughUITests.swift */,
				8D951F102B0BF88C00461AE8 /* SourdoughUITestsLaunchTests.swift */,
			);
			path = SourdoughUITests;
			sourceTree = "<group>";
		};
/* End PBXGroup section */

/* Begin PBXNativeTarget section */
		8D951EEF2B0BF88200461AE8 /* Sourdough */ = {
			isa = PBXNativeTarget;
			buildConfigurationList = 8D951F142B0BF88C00461AE8 /* Build configuration list for PBXNativeTarget "Sourdough" */;
			buildPhases = (
				8D951EEC2B0BF88200461AE8 /* Sources */,
				8D951EED2B0BF88200461AE8 /* Frameworks */,
				8D951EEE2B0BF88200461AE8 /* Resources */,
			);
			buildRules = (
			);
			dependencies = (
			);
			name = Sourdough;
			productName = Sourdough;
			productReference = 8D951EF02B0BF88200461AE8 /* Sourdough.app */;
			productType = "com.apple.product-type.application";
		};
		8D951EFF2B0BF88C00461AE8 /* SourdoughTests */ = {
			isa = PBXNativeTarget;
			buildConfigurationList = 8D951F172B0BF88C00461AE8 /* Build configuration list for PBXNativeTarget "SourdoughTests" */;
			buildPhases = (
				8D951EFC2B0BF88C00461AE8 /* Sources */,
				8D951EFD2B0BF88C00461AE8 /* Frameworks */,
				8D951EFE2B0BF88C00461AE8 /* Resources */,
			);
			buildRules = (
			);
			dependencies = (
				8D951F022B0BF88C00461AE8 /* PBXTargetDependency */,
			);
			name = SourdoughTests;
			productName = SourdoughTests;
			productReference = 8D951F002B0BF88C00461AE8 /* SourdoughTests.xctest */;
			productType = "com.apple.product-type.bundle.unit-test";
		};
		8D951F092B0BF88C00461AE8 /* SourdoughUITests */ = {
			isa = PBXNativeTarget;
			buildConfigurationList = 8D951F1A2B0BF88C00461AE8 /* Build configuration list for PBXNativeTarget "SourdoughUITests" */;
			buildPhases = (
				8D951F062B0BF88C00461AE8 /* Sources */,
				8D951F072B0BF88C00461AE8 /* Frameworks */,
				8D951F082B0BF88C00461AE8 /* Resources */,
			);
			buildRules = (
			);
			dependencies = (
				8D951F0C2B0BF88C00461AE8 /* PBXTargetDependency */,
			);
			name = SourdoughUITests;
			productName = SourdoughUITests;
			productReference = 8D951F0A2B0BF88C00461AE8 /* SourdoughUITests.xctest */;
			productType = "com.apple.product-type.bundle.ui-testing";
		};
/* End PBXNativeTarget section */

/* Begin PBXProject section */
		8D951EE82B0BF88200461AE8 /* Project object */ = {
			isa = PBXProject;
			attributes = {
				BuildIndependentTargetsInParallel = 1;
				LastSwiftUpdateCheck = 1500;
				LastUpgradeCheck = 1500;
				TargetAttributes = {
					8D951EEF2B0BF88200461AE8 = {
						CreatedOnToolsVersion = 15.0;
					};
					8D951EFF2B0BF88C00461AE8 = {
						CreatedOnToolsVersion = 15.0;
						TestTargetID = 8D951EEF2B0BF88200461AE8;
					};
					8D951F092B0BF88C00461AE8 = {
						CreatedOnToolsVersion = 15.0;
						TestTargetID = 8D951EEF2B0BF88200461AE8;
					};
				};
			};
			buildConfigurationList = 8D951EEB2B0BF88200461AE8 /* Build configuration list for PBXProject "Sourdough" */;
			compatibilityVersion = "Xcode 14.0";
			developmentRegion = en;
			hasScannedForEncodings = 0;
			knownRegions = (
				en,
				Base,
			);
			mainGroup = 8D951EE72B0BF88200461AE8;
			productRefGroup = 8D951EF12B0BF88200461AE8 /* Products */;
			projectDirPath = "";
			projectRoot = "";
			targets = (
				8D951EEF2B0BF88200461AE8 /* Sourdough */,
				8D951EFF2B0BF88C00461AE8 /* SourdoughTests */,
				8D951F092B0BF88C00461AE8 /* SourdoughUITests */,
			);
		};
/* End PBXProject section */

/* Begin PBXResourcesBuildPhase section */
		8D951EEE2B0BF88200461AE8 /* Resources */ = {
			isa = PBXResourcesBuildPhase;
			buildActionMask = 2147483647;
			files = (
				8D951EFB2B0BF88C00461AE8 /* Preview Assets.xcassets in Resources */,
				8D951EF82B0BF88C00461AE8 /* Assets.xcassets in Resources */,
			);
			runOnlyForDeploymentPostprocessing = 0;
		};
		8D951EFE2B0BF88C00461AE8 /* Resources */ = {
			isa = PBXResourcesBuildPhase;
			buildActionMask = 2147483647;
			files = (
			);
			runOnlyForDeploymentPostprocessing = 0;
		};
		8D951F082B0BF88C00461AE8 /* Resources */ = {
			isa = PBXResourcesBuildPhase;
			buildActionMask = 2147483647;
			files = (
			);
			runOnlyForDeploymentPostprocessing = 0;
		};
/* End PBXResourcesBuildPhase section */

/* Begin PBXSourcesBuildPhase section */
		8D951EEC2B0BF88200461AE8 /* Sources */ = {
			isa = PBXSourcesBuildPhase;
			buildActionMask = 2147483647;
			files = (
				8D951EF62B0BF88200461AE8 /* ContentView.swift in Sources */,
				8D951EF42B0BF88200461AE8 /* SourdoughApp.swift in Sources */,
			);
			runOnlyForDeploymentPostprocessing = 0;
		};
		8D951EFC2B0BF88C00461AE8 /* Sources */ = {
			isa = PBXSourcesBuildPhase;
			buildActionMask = 2147483647;
			files = (
				8D951F052B0BF88C00461AE8 /* SourdoughTests.swift in Sources */,
			);
			runOnlyForDeploymentPostprocessing = 0;
		};
		8D951F062B0BF88C00461AE8 /* Sources */ = {
			isa = PBXSourcesBuildPhase;
			buildActionMask = 2147483647;
			files = (
				8D951F0F2B0BF88C00461AE8 /* SourdoughUITests.swift in Sources */,
				8D951F112B0BF88C00461AE8 /* SourdoughUITestsLaunchTests.swift in Sources */,
			);
			runOnlyForDeploymentPostprocessing = 0;
		};
/* End PBXSourcesBuildPhase section */

/* Begin PBXTargetDependency section */
		8D951F022B0BF88C00461AE8 /* PBXTargetDependency */ = {
			isa = PBXTargetDependency;
			target = 8D951EEF2B0BF88200461AE8 /* Sourdough */;
			targetProxy = 8D951F012B0BF88C00461AE8 /* PBXContainerItemProxy */;
		};
		8D951F0C2B0BF88C00461AE8 /* PBXTargetDependency */ = {
			isa = PBXTargetDependency;
			target = 8D951EEF2B0BF88200461AE8 /* Sourdough */;
			targetProxy = 8D951F0B2B0BF88C00461AE8 /* PBXContainerItemProxy */;
		};
/* End PBXTargetDependency section */

/* Begin XCBuildConfiguration section */
		8D951F122B0BF88C00461AE8 /* Debug */ = {
			isa = XCBuildConfiguration;
			buildSettings = {
				ALWAYS_SEARCH_USER_PATHS = NO;
				ASSETCATALOG_COMPILER_GENERATE_SWIFT_ASSET_SYMBOL_EXTENSIONS = YES;
				CLANG_ANALYZER_NONNULL = YES;
				CLANG_ANALYZER_NUMBER_OBJECT_CONVERSION = YES_AGGRESSIVE;
				CLANG_CXX_LANGUAGE_STANDARD = "gnu++20";
				CLANG_ENABLE_MODULES = YES;
				CLANG_ENABLE_OBJC_ARC = YES;
				CLANG_ENABLE_OBJC_WEAK = YES;
				CLANG_WARN_BLOCK_CAPTURE_AUTORELEASING = YES;
				CLANG_WARN_BOOL_CONVERSION = YES;
				CLANG_WARN_COMMA = YES;
				CLANG_WARN_CONSTANT_CONVERSION = YES;
				CLANG_WARN_DEPRECATED_OBJC_IMPLEMENTATIONS = YES;
				CLANG_WARN_DIRECT_OBJC_ISA_USAGE = YES_ERROR;
				CLANG_WARN_DOCUMENTATION_COMMENTS = YES;
				CLANG_WARN_EMPTY_BODY = YES;
				CLANG_WARN_ENUM_CONVERSION = YES;
				CLANG_WARN_INFINITE_RECURSION = YES;
				CLANG_WARN_INT_CONVERSION = YES;
				CLANG_WARN_NON_LITERAL_NULL_CONVERSION = YES;
				CLANG_WARN_OBJC_IMPLICIT_RETAIN_SELF = YES;
				CLANG_WARN_OBJC_LITERAL_CONVERSION = YES;
				CLANG_WARN_OBJC_ROOT_CLASS = YES_ERROR;
				CLANG_WARN_QUOTED_INCLUDE_IN_FRAMEWORK_HEADER = YES;
				CLANG_WARN_RANGE_LOOP_ANALYSIS = YES;
				CLANG_WARN_STRICT_PROTOTYPES = YES;
				CLANG_WARN_SUSPICIOUS_MOVE = YES;
				CLANG_WARN_UNGUARDED_AVAILABILITY = YES_AGGRESSIVE;
				CLANG_WARN_UNREACHABLE_CODE = YES;
				CLANG_WARN__DUPLICATE_METHOD_MATCH = YES;
				COPY_PHASE_STRIP = NO;
				DEBUG_INFORMATION_FORMAT = dwarf;
				ENABLE_STRICT_OBJC_MSGSEND = YES;
				ENABLE_TESTABILITY = YES;
				ENABLE_USER_SCRIPT_SANDBOXING = YES;
				GCC_C_LANGUAGE_STANDARD = gnu17;
				GCC_DYNAMIC_NO_PIC = NO;
				GCC_NO_COMMON_BLOCKS = YES;
				GCC_OPTIMIZATION_LEVEL = 0;
				GCC_PREPROCESSOR_DEFINITIONS = (
					"DEBUG=1",
					"$(inherited)",
				);
				GCC_WARN_64_TO_32_BIT_CONVERSION = YES;
				GCC_WARN_ABOUT_RETURN_TYPE = YES_ERROR;
				GCC_WARN_UNDECLARED_SELECTOR = YES;
				GCC_WARN_UNINITIALIZED_AUTOS = YES_AGGRESSIVE;
				GCC_WARN_UNUSED_FUNCTION = YES;
				GCC_WARN_UNUSED_VARIABLE = YES;
				IPHONEOS_DEPLOYMENT_TARGET = 17.0;
				LOCALIZATION_PREFERS_STRING_CATALOGS = YES;
				MTL_ENABLE_DEBUG_INFO = INCLUDE_SOURCE;
				MTL_FAST_MATH = YES;
				ONLY_ACTIVE_ARCH = YES;
				SDKROOT = iphoneos;
				SWIFT_ACTIVE_COMPILATION_CONDITIONS = "DEBUG $(inherited)";
				SWIFT_OPTIMIZATION_LEVEL = "-Onone";
			};
			name = Debug;
		};
		8D951F132B0BF88C00461AE8 /* Release */ = {
			isa = XCBuildConfiguration;
			buildSettings = {
				ALWAYS_SEARCH_USER_PATHS = NO;
				ASSETCATALOG_COMPILER_GENERATE_SWIFT_ASSET_SYMBOL_EXTENSIONS = YES;
				CLANG_ANALYZER_NONNULL = YES;
				CLANG_ANALYZER_NUMBER_OBJECT_CONVERSION = YES_AGGRESSIVE;
				CLANG_CXX_LANGUAGE_STANDARD = "gnu++20";
				CLANG_ENABLE_MODULES = YES;
				CLANG_ENABLE_OBJC_ARC = YES;
				CLANG_ENABLE_OBJC_WEAK = YES;
				CLANG_WARN_BLOCK_CAPTURE_AUTORELEASING = YES;
				CLANG_WARN_BOOL_CONVERSION = YES;
				CLANG_WARN_COMMA = YES;
				CLANG_WARN_CONSTANT_CONVERSION = YES;
				CLANG_WARN_DEPRECATED_OBJC_IMPLEMENTATIONS = YES;
				CLANG_WARN_DIRECT_OBJC_ISA_USAGE = YES_ERROR;
				CLANG_WARN_DOCUMENTATION_COMMENTS = YES;
				CLANG_WARN_EMPTY_BODY = YES;
				CLANG_WARN_ENUM_CONVERSION = YES;
				CLANG_WARN_INFINITE_RECURSION = YES;
				CLANG_WARN_INT_CONVERSION = YES;
				CLANG_WARN_NON_LITERAL_NULL_CONVERSION = YES;
				CLANG_WARN_OBJC_IMPLICIT_RETAIN_SELF = YES;
				CLANG_WARN_OBJC_LITERAL_CONVERSION = YES;
				CLANG_WARN_OBJC_ROOT_CLASS = YES_ERROR;
				CLANG_WARN_QUOTED_INCLUDE_IN_FRAMEWORK_HEADER = YES;
				CLANG_WARN_RANGE_LOOP_ANALYSIS = YES;
				CLANG_WARN_STRICT_PROTOTYPES = YES;
				CLANG_WARN_SUSPICIOUS_MOVE = YES;
				CLANG_WARN_UNGUARDED_AVAILABILITY = YES_AGGRESSIVE;
				CLANG_WARN_UNREACHABLE_CODE = YES;
				CLANG_WARN__DUPLICATE_METHOD_MATCH = YES;
				COPY_PHASE_STRIP = NO;
				DEBUG_INFORMATION_FORMAT = "dwarf-with-dsym";
				ENABLE_NS_ASSERTIONS = NO;
				ENABLE_STRICT_OBJC_MSGSEND = YES;
				ENABLE_USER_SCRIPT_SANDBOXING = YES;
				GCC_C_LANGUAGE_STANDARD = gnu17;
				GCC_NO_COMMON_BLOCKS = YES;
				GCC_WARN_64_TO_32_BIT_CONVERSION = YES;
				GCC_WARN_ABOUT_RETURN_TYPE = YES_ERROR;
				GCC_WARN_UNDECLARED_SELECTOR = YES;
				GCC_WARN_UNINITIALIZED_AUTOS = YES_AGGRESSIVE;
				GCC_WARN_UNUSED_FUNCTION = YES;
				GCC_WARN_UNUSED_VARIABLE = YES;
				IPHONEOS_DEPLOYMENT_TARGET = 17.0;
				LOCALIZATION_PREFERS_STRING_CATALOGS = YES;
				MTL_ENABLE_DEBUG_INFO = NO;
				MTL_FAST_MATH = YES;
				SDKROOT = iphoneos;
				SWIFT_COMPILATION_MODE = wholemodule;
				VALIDATE_PRODUCT = YES;
			};
			name = Release;
		};
		8D951F152B0BF88C00461AE8 /* Debug */ = {
			isa = XCBuildConfiguration;
			buildSettings = {
				ASSETCATALOG_COMPILER_APPICON_NAME = AppIcon;
				ASSETCATALOG_COMPILER_GLOBAL_ACCENT_COLOR_NAME = AccentColor;
				CODE_SIGN_STYLE = Automatic;
				CURRENT_PROJECT_VERSION = 1;
				DEVELOPMENT_ASSET_PATHS = "\"Sourdough/Preview Content\"";
				DEVELOPMENT_TEAM = 84C29N4H5C;
				ENABLE_PREVIEWS = YES;
				GENERATE_INFOPLIST_FILE = YES;
				INFOPLIST_KEY_UIApplicationSceneManifest_Generation = YES;
				INFOPLIST_KEY_UIApplicationSupportsIndirectInputEvents = YES;
				INFOPLIST_KEY_UILaunchScreen_Generation = YES;
				INFOPLIST_KEY_UISupportedInterfaceOrientations_iPad = "UIInterfaceOrientationPortrait UIInterfaceOrientationPortraitUpsideDown UIInterfaceOrientationLandscapeLeft UIInterfaceOrientationLandscapeRight";
				INFOPLIST_KEY_UISupportedInterfaceOrientations_iPhone = "UIInterfaceOrientationPortrait UIInterfaceOrientationLandscapeLeft UIInterfaceOrientationLandscapeRight";
				LD_RUNPATH_SEARCH_PATHS = (
					"$(inherited)",
					"@executable_path/Frameworks",
				);
				MARKETING_VERSION = 1.0;
				PRODUCT_BUNDLE_IDENTIFIER = com.slichter.Sourdough;
				PRODUCT_NAME = "$(TARGET_NAME)";
				SWIFT_EMIT_LOC_STRINGS = YES;
				SWIFT_VERSION = 5.0;
				TARGETED_DEVICE_FAMILY = "1,2";
			};
			name = Debug;
		};
		8D951F162B0BF88C00461AE8 /* Release */ = {
			isa = XCBuildConfiguration;
			buildSettings = {
				ASSETCATALOG_COMPILER_APPICON_NAME = AppIcon;
				ASSETCATALOG_COMPILER_GLOBAL_ACCENT_COLOR_NAME = AccentColor;
				CODE_SIGN_STYLE = Automatic;
				CURRENT_PROJECT_VERSION = 1;
				DEVELOPMENT_ASSET_PATHS = "\"Sourdough/Preview Content\"";
				DEVELOPMENT_TEAM = 84C29N4H5C;
				ENABLE_PREVIEWS = YES;
				GENERATE_INFOPLIST_FILE = YES;
				INFOPLIST_KEY_UIApplicationSceneManifest_Generation = YES;
				INFOPLIST_KEY_UIApplicationSupportsIndirectInputEvents = YES;
				INFOPLIST_KEY_UILaunchScreen_Generation = YES;
				INFOPLIST_KEY_UISupportedInterfaceOrientations_iPad = "UIInterfaceOrientationPortrait UIInterfaceOrientationPortraitUpsideDown UIInterfaceOrientationLandscapeLeft UIInterfaceOrientationLandscapeRight";
				INFOPLIST_KEY_UISupportedInterfaceOrientations_iPhone = "UIInterfaceOrientationPortrait UIInterfaceOrientationLandscapeLeft UIInterfaceOrientationLandscapeRight";
				LD_RUNPATH_SEARCH_PATHS = (
					"$(inherited)",
					"@executable_path/Frameworks",
				);
				MARKETING_VERSION = 1.0;
				PRODUCT_BUNDLE_IDENTIFIER = com.slichter.Sourdough;
				PRODUCT_NAME = "$(TARGET_NAME)";
				SWIFT_EMIT_LOC_STRINGS = YES;
				SWIFT_VERSION = 5.0;
				TARGETED_DEVICE_FAMILY = "1,2";
			};
			name = Release;
		};
		8D951F182B0BF88C00461AE8 /* Debug */ = {
			isa = XCBuildConfiguration;
			buildSettings = {
				ALWAYS_EMBED_SWIFT_STANDARD_LIBRARIES = YES;
				BUNDLE_LOADER = "$(TEST_HOST)";
				CODE_SIGN_STYLE = Automatic;
				CURRENT_PROJECT_VERSION = 1;
				DEVELOPMENT_TEAM = 84C29N4H5C;
				GENERATE_INFOPLIST_FILE = YES;
				IPHONEOS_DEPLOYMENT_TARGET = 17.0;
				MARKETING_VERSION = 1.0;
				PRODUCT_BUNDLE_IDENTIFIER = com.slichter.SourdoughTests;
				PRODUCT_NAME = "$(TARGET_NAME)";
				SWIFT_EMIT_LOC_STRINGS = NO;
				SWIFT_VERSION = 5.0;
				TARGETED_DEVICE_FAMILY = "1,2";
				TEST_HOST = "$(BUILT_PRODUCTS_DIR)/Sourdough.app/$(BUNDLE_EXECUTABLE_FOLDER_PATH)/Sourdough";
			};
			name = Debug;
		};
		8D951F192B0BF88C00461AE8 /* Release */ = {
			isa = XCBuildConfiguration;
			buildSettings = {
				ALWAYS_EMBED_SWIFT_STANDARD_LIBRARIES = YES;
				BUNDLE_LOADER = "$(TEST_HOST)";
				CODE_SIGN_STYLE = Automatic;
				CURRENT_PROJECT_VERSION = 1;
				DEVELOPMENT_TEAM = 84C29N4H5C;
				GENERATE_INFOPLIST_FILE = YES;
				IPHONEOS_DEPLOYMENT_TARGET = 17.0;
				MARKETING_VERSION = 1.0;
				PRODUCT_BUNDLE_IDENTIFIER = com.slichter.SourdoughTests;
				PRODUCT_NAME = "$(TARGET_NAME)";
				SWIFT_EMIT_LOC_STRINGS = NO;
				SWIFT_VERSION = 5.0;
				TARGETED_DEVICE_FAMILY = "1,2";
				TEST_HOST = "$(BUILT_PRODUCTS_DIR)/Sourdough.app/$(BUNDLE_EXECUTABLE_FOLDER_PATH)/Sourdough";
			};
			name = Release;
		};
		8D951F1B2B0BF88C00461AE8 /* Debug */ = {
			isa = XCBuildConfiguration;
			buildSettings = {
				ALWAYS_EMBED_SWIFT_STANDARD_LIBRARIES = YES;
				CODE_SIGN_STYLE = Automatic;
				CURRENT_PROJECT_VERSION = 1;
				DEVELOPMENT_TEAM = 84C29N4H5C;
				GENERATE_INFOPLIST_FILE = YES;
				MARKETING_VERSION = 1.0;
				PRODUCT_BUNDLE_IDENTIFIER = com.slichter.SourdoughUITests;
				PRODUCT_NAME = "$(TARGET_NAME)";
				SWIFT_EMIT_LOC_STRINGS = NO;
				SWIFT_VERSION = 5.0;
				TARGETED_DEVICE_FAMILY = "1,2";
				TEST_TARGET_NAME = Sourdough;
			};
			name = Debug;
		};
		8D951F1C2B0BF88C00461AE8 /* Release */ = {
			isa = XCBuildConfiguration;
			buildSettings = {
				ALWAYS_EMBED_SWIFT_STANDARD_LIBRARIES = YES;
				CODE_SIGN_STYLE = Automatic;
				CURRENT_PROJECT_VERSION = 1;
				DEVELOPMENT_TEAM = 84C29N4H5C;
				GENERATE_INFOPLIST_FILE = YES;
				MARKETING_VERSION = 1.0;
				PRODUCT_BUNDLE_IDENTIFIER = com.slichter.SourdoughUITests;
				PRODUCT_NAME = "$(TARGET_NAME)";
				SWIFT_EMIT_LOC_STRINGS = NO;
				SWIFT_VERSION = 5.0;
				TARGETED_DEVICE_FAMILY = "1,2";
				TEST_TARGET_NAME = Sourdough;
			};
			name = Release;
		};
/* End XCBuildConfiguration section */

/* Begin XCConfigurationList section */
		8D951EEB2B0BF88200461AE8 /* Build configuration list for PBXProject "Sourdough" */ = {
			isa = XCConfigurationList;
			buildConfigurations = (
				8D951F122B0BF88C00461AE8 /* Debug */,
				8D951F132B0BF88C00461AE8 /* Release */,
			);
			defaultConfigurationIsVisible = 0;
			defaultConfigurationName = Release;
		};
		8D951F142B0BF88C00461AE8 /* Build configuration list for PBXNativeTarget "Sourdough" */ = {
			isa = XCConfigurationList;
			buildConfigurations = (
				8D951F152B0BF88C00461AE8 /* Debug */,
				8D951F162B0BF88C00461AE8 /* Release */,
			);
			defaultConfigurationIsVisible = 0;
			defaultConfigurationName = Release;
		};
		8D951F172B0BF88C00461AE8 /* Build configuration list for PBXNativeTarget "SourdoughTests" */ = {
			isa = XCConfigurationList;
			buildConfigurations = (
				8D951F182B0BF88C00461AE8 /* Debug */,
				8D951F192B0BF88C00461AE8 /* Release */,
			);
			defaultConfigurationIsVisible = 0;
			defaultConfigurationName = Release;
		};
		8D951F1A2B0BF88C00461AE8 /* Build configuration list for PBXNativeTarget "SourdoughUITests" */ = {
			isa = XCConfigurationList;
			buildConfigurations = (
				8D951F1B2B0BF88C00461AE8 /* Debug */,
				8D951F1C2B0BF88C00461AE8 /* Release */,
			);
			defaultConfigurationIsVisible = 0;
			defaultConfigurationName = Release;
		};
/* End XCConfigurationList section */
	};
	rootObject = 8D951EE82B0BF88200461AE8 /* Project object */;
}
